PODS:
  - CocoaAsyncSocket (7.6.3)
  - CocoaMQTT (1.2.3):
    - CocoaAsyncSocket (~> 7.6.3)

DEPENDENCIES:
  - CocoaMQTT

SPEC REPOS:
  https://github.com/cocoapods/specs.git:
    - CocoaAsyncSocket
    - CocoaMQTT

SPEC CHECKSUMS:
  CocoaAsyncSocket: eafaa68a7e0ec99ead0a7b35015e0bf25d2c8987
  CocoaMQTT: 6a023b79d270fa4de251d82a76f52dad81f23cba

PODFILE CHECKSUM: 384241d8e68098afc73388c577433c7b5e71ba48

COCOAPODS: 1.7.2
